
Microsoft Visual Studio Solution File, Format Version 12.00
Project("{FAE04EC0-301F-11D3-BF4B-00C04F79EFBC}") = "FoodDiary", "FoodDiary\FoodDiary.csproj", "{2EF096CE-3DEA-4C3C-A8D9-5AEEA061D069}"
EndProject
Global
	GlobalSection(SolutionConfigurationPlatforms) = preSolution
		Debug|Any CPU = Debug|Any CPU
		Release|Any CPU = Release|Any CPU
	EndGlobalSection
	GlobalSection(ProjectConfigurationPlatforms) = postSolution
		{2EF096CE-3DEA-4C3C-A8D9-5AEEA061D069}.Debug|Any CPU.ActiveCfg = Debug|Any CPU
		{2EF096CE-3DEA-4C3C-A8D9-5AEEA061D069}.Debug|Any CPU.Build.0 = Debug|Any CPU
		{2EF096CE-3DEA-4C3C-A8D9-5AEEA061D069}.Release|Any CPU.ActiveCfg = Release|Any CPU
		{2EF096CE-3DEA-4C3C-A8D9-5AEEA061D069}.Release|Any CPU.Build.0 = Release|Any CPU
	EndGlobalSection
EndGlobal
